
Microsoft Visual Studio Solution File, Format Version 12.00
# Visual Studio Version 17
VisualStudioVersion = 17.14.37516.0 d17.14
MinimumVisualStudioVersion = 10.0.40219.1
Project("{FAE04EC0-301F-11D3-BF4B-00C04F79EFBC}") = "ProductManagement.Api", "ProductManagement.Api\ProductManagement.Api.csproj", "{97C3CBA4-2BBC-4B40-937E-F526CA3BC811}"
EndProject
Project("{FAE04EC0-301F-11D3-BF4B-00C04F79EFBC}") = "ProductManagement.DataAccess", "ProductManagement.DataAccess\ProductManagement.DataAccess.csproj", "{80B79DC0-94B0-4800-A2BC-85FC05F8EC75}"
EndProject
Project("{FAE04EC0-301F-11D3-BF4B-00C04F79EFBC}") = "ProductManagement.Services", "ProductManagement.Services\ProductManagement.Services.csproj", "{72DD1A8A-86EC-406A-9EFF-A2C71FAE478A}"
EndProject
Global
	GlobalSection(SolutionConfigurationPlatforms) = preSolution
		Debug|Any CPU = Debug|Any CPU
		Release|Any CPU = Release|Any CPU
	EndGlobalSection
	GlobalSection(ProjectConfigurationPlatforms) = postSolution
		{97C3CBA4-2BBC-4B40-937E-F526CA3BC811}.Debug|Any CPU.ActiveCfg = Debug|Any CPU
		{97C3CBA4-2BBC-4B40-937E-F526CA3BC811}.Debug|Any CPU.Build.0 = Debug|Any CPU
		{97C3CBA4-2BBC-4B40-937E-F526CA3BC811}.Release|Any CPU.ActiveCfg = Release|Any CPU
		{97C3CBA4-2BBC-4B40-937E-F526CA3BC811}.Release|Any CPU.Build.0 = Release|Any CPU
		{80B79DC0-94B0-4800-A2BC-85FC05F8EC75}.Debug|Any CPU.ActiveCfg = Debug|Any CPU
		{80B79DC0-94B0-4800-A2BC-85FC05F8EC75}.Debug|Any CPU.Build.0 = Debug|Any CPU
		{80B79DC0-94B0-4800-A2BC-85FC05F8EC75}.Release|Any CPU.ActiveCfg = Release|Any CPU
		{80B79DC0-94B0-4800-A2BC-85FC05F8EC75}.Release|Any CPU.Build.0 = Release|Any CPU
		{72DD1A8A-86EC-406A-9EFF-A2C71FAE478A}.Debug|Any CPU.ActiveCfg = Debug|Any CPU
		{72DD1A8A-86EC-406A-9EFF-A2C71FAE478A}.Debug|Any CPU.Build.0 = Debug|Any CPU
		{72DD1A8A-86EC-406A-9EFF-A2C71FAE478A}.Release|Any CPU.ActiveCfg = Release|Any CPU
		{72DD1A8A-86EC-406A-9EFF-A2C71FAE478A}.Release|Any CPU.Build.0 = Release|Any CPU
	EndGlobalSection
	GlobalSection(SolutionProperties) = preSolution
		HideSolutionNode = FALSE
	EndGlobalSection
	GlobalSection(ExtensibilityGlobals) = postSolution
		SolutionGuid = {7B7DEE32-212B-4E3F-BA95-42F49163471E}
	EndGlobalSection
EndGlobal
